
Microsoft Visual Studio Solution File, Format Version 12.00
# Visual Studio Version 16
VisualStudioVersion = 16.0.31229.75
MinimumVisualStudioVersion = 10.0.40219.1
Project("{FAE04EC0-301F-11D3-BF4B-00C04F79EFBC}") = "usuarios", "usuarios\usuarios.csproj", "{49C86D34-B15D-4A75-A5AA-3612801C764E}"
EndProject
Project("{FAE04EC0-301F-11D3-BF4B-00C04F79EFBC}") = "AccesoDatos.ClassLibrary", "AccesoDatos.ClassLibrary\AccesoDatos.ClassLibrary.csproj", "{CBFBEB55-C46D-412B-A7D4-3F8B1B6128F0}"
EndProject
Project("{FAE04EC0-301F-11D3-BF4B-00C04F79EFBC}") = "Logica.ClassLibrary", "Logica.ClassLibrary\Logica.ClassLibrary.csproj", "{8A866113-EADA-47BF-8F31-C240F18A7191}"
EndProject
Project("{FAE04EC0-301F-11D3-BF4B-00C04F79EFBC}") = "Presentacion.WebForms", "Presentacion.WebForms\Presentacion.WebForms.csproj", "{FC558BEC-C6C5-4140-AFEC-538E32C89943}"
EndProject
Global
	GlobalSection(SolutionConfigurationPlatforms) = preSolution
		Debug|Any CPU = Debug|Any CPU
		Release|Any CPU = Release|Any CPU
	EndGlobalSection
	GlobalSection(ProjectConfigurationPlatforms) = postSolution
		{49C86D34-B15D-4A75-A5AA-3612801C764E}.Debug|Any CPU.ActiveCfg = Debug|Any CPU
		{49C86D34-B15D-4A75-A5AA-3612801C764E}.Debug|Any CPU.Build.0 = Debug|Any CPU
		{49C86D34-B15D-4A75-A5AA-3612801C764E}.Release|Any CPU.ActiveCfg = Release|Any CPU
		{49C86D34-B15D-4A75-A5AA-3612801C764E}.Release|Any CPU.Build.0 = Release|Any CPU
		{CBFBEB55-C46D-412B-A7D4-3F8B1B6128F0}.Debug|Any CPU.ActiveCfg = Debug|Any CPU
		{CBFBEB55-C46D-412B-A7D4-3F8B1B6128F0}.Debug|Any CPU.Build.0 = Debug|Any CPU
		{CBFBEB55-C46D-412B-A7D4-3F8B1B6128F0}.Release|Any CPU.ActiveCfg = Release|Any CPU
		{CBFBEB55-C46D-412B-A7D4-3F8B1B6128F0}.Release|Any CPU.Build.0 = Release|Any CPU
		{8A866113-EADA-47BF-8F31-C240F18A7191}.Debug|Any CPU.ActiveCfg = Debug|Any CPU
		{8A866113-EADA-47BF-8F31-C240F18A7191}.Debug|Any CPU.Build.0 = Debug|Any CPU
		{8A866113-EADA-47BF-8F31-C240F18A7191}.Release|Any CPU.ActiveCfg = Release|Any CPU
		{8A866113-EADA-47BF-8F31-C240F18A7191}.Release|Any CPU.Build.0 = Release|Any CPU
		{FC558BEC-C6C5-4140-AFEC-538E32C89943}.Debug|Any CPU.ActiveCfg = Debug|Any CPU
		{FC558BEC-C6C5-4140-AFEC-538E32C89943}.Debug|Any CPU.Build.0 = Debug|Any CPU
		{FC558BEC-C6C5-4140-AFEC-538E32C89943}.Release|Any CPU.ActiveCfg = Release|Any CPU
		{FC558BEC-C6C5-4140-AFEC-538E32C89943}.Release|Any CPU.Build.0 = Release|Any CPU
	EndGlobalSection
	GlobalSection(SolutionProperties) = preSolution
		HideSolutionNode = FALSE
	EndGlobalSection
	GlobalSection(ExtensibilityGlobals) = postSolution
		SolutionGuid = {7FAF272E-EC95-42DB-805E-191F20BEF488}
	EndGlobalSection
EndGlobal
